
Microsoft Visual Studio Solution File, Format Version 12.00
# Visual Studio Version 17
VisualStudioVersion = 17.9.34728.123
MinimumVisualStudioVersion = 10.0.40219.1
Project("{FAE04EC0-301F-11D3-BF4B-00C04F79EFBC}") = "HelloWorldWpf", "HelloWorldWpf\HelloWorldWpf.csproj", "{510C6040-4373-4154-ABA8-B01B9AAFC353}"
EndProject
Global
	GlobalSection(SolutionConfigurationPlatforms) = preSolution
		Debug|Any CPU = Debug|Any CPU
		Release|Any CPU = Release|Any CPU
	EndGlobalSection
	GlobalSection(ProjectConfigurationPlatforms) = postSolution
		{510C6040-4373-4154-ABA8-B01B9AAFC353}.Debug|Any CPU.ActiveCfg = Debug|Any CPU
		{510C6040-4373-4154-ABA8-B01B9AAFC353}.Debug|Any CPU.Build.0 = Debug|Any CPU
		{510C6040-4373-4154-ABA8-B01B9AAFC353}.Release|Any CPU.ActiveCfg = Release|Any CPU
		{510C6040-4373-4154-ABA8-B01B9AAFC353}.Release|Any CPU.Build.0 = Release|Any CPU
	EndGlobalSection
	GlobalSection(SolutionProperties) = preSolution
		HideSolutionNode = FALSE
	EndGlobalSection
	GlobalSection(ExtensibilityGlobals) = postSolution
		SolutionGuid = {E5F1AB0B-DF68-4AE1-86A6-26BE8D5F25D5}
	EndGlobalSection
EndGlobal
