
Microsoft Visual Studio Solution File, Format Version 12.00
# Visual Studio Version 17
VisualStudioVersion = 17.9.34728.123
MinimumVisualStudioVersion = 10.0.40219.1
Project("{FAE04EC0-301F-11D3-BF4B-00C04F79EFBC}") = "Task4", "Task4\Task4.csproj", "{B947D30B-8928-4D74-B4F4-F6A4D628B3CB}"
EndProject
Global
	GlobalSection(SolutionConfigurationPlatforms) = preSolution
		Debug|Any CPU = Debug|Any CPU
		Release|Any CPU = Release|Any CPU
	EndGlobalSection
	GlobalSection(ProjectConfigurationPlatforms) = postSolution
		{B947D30B-8928-4D74-B4F4-F6A4D628B3CB}.Debug|Any CPU.ActiveCfg = Debug|Any CPU
		{B947D30B-8928-4D74-B4F4-F6A4D628B3CB}.Debug|Any CPU.Build.0 = Debug|Any CPU
		{B947D30B-8928-4D74-B4F4-F6A4D628B3CB}.Release|Any CPU.ActiveCfg = Release|Any CPU
		{B947D30B-8928-4D74-B4F4-F6A4D628B3CB}.Release|Any CPU.Build.0 = Release|Any CPU
	EndGlobalSection
	GlobalSection(SolutionProperties) = preSolution
		HideSolutionNode = FALSE
	EndGlobalSection
	GlobalSection(ExtensibilityGlobals) = postSolution
		SolutionGuid = {5D9B491E-F308-427C-91AD-150782272041}
	EndGlobalSection
EndGlobal
