
Microsoft Visual Studio Solution File, Format Version 12.00
# Visual Studio Version 17
VisualStudioVersion = 17.9.34723.18
MinimumVisualStudioVersion = 10.0.40219.1
Project("{FAE04EC0-301F-11D3-BF4B-00C04F79EFBC}") = "ConsoleApp1", "ConsoleApp1\ConsoleApp1.csproj", "{C11B2E8C-87E3-4699-A5D0-B91A06F5F108}"
EndProject
Project("{FAE04EC0-301F-11D3-BF4B-00C04F79EFBC}") = "ConsoleApp2", "ConsoleApp2\ConsoleApp2.csproj", "{F63E2542-EBFC-4E2A-952B-9DF80CA70559}"
EndProject
Global
	GlobalSection(SolutionConfigurationPlatforms) = preSolution
		Debug|Any CPU = Debug|Any CPU
		Release|Any CPU = Release|Any CPU
	EndGlobalSection
	GlobalSection(ProjectConfigurationPlatforms) = postSolution
		{C11B2E8C-87E3-4699-A5D0-B91A06F5F108}.Debug|Any CPU.ActiveCfg = Debug|Any CPU
		{C11B2E8C-87E3-4699-A5D0-B91A06F5F108}.Debug|Any CPU.Build.0 = Debug|Any CPU
		{C11B2E8C-87E3-4699-A5D0-B91A06F5F108}.Release|Any CPU.ActiveCfg = Release|Any CPU
		{C11B2E8C-87E3-4699-A5D0-B91A06F5F108}.Release|Any CPU.Build.0 = Release|Any CPU
		{F63E2542-EBFC-4E2A-952B-9DF80CA70559}.Debug|Any CPU.ActiveCfg = Debug|Any CPU
		{F63E2542-EBFC-4E2A-952B-9DF80CA70559}.Debug|Any CPU.Build.0 = Debug|Any CPU
		{F63E2542-EBFC-4E2A-952B-9DF80CA70559}.Release|Any CPU.ActiveCfg = Release|Any CPU
		{F63E2542-EBFC-4E2A-952B-9DF80CA70559}.Release|Any CPU.Build.0 = Release|Any CPU
	EndGlobalSection
	GlobalSection(SolutionProperties) = preSolution
		HideSolutionNode = FALSE
	EndGlobalSection
	GlobalSection(ExtensibilityGlobals) = postSolution
		SolutionGuid = {3B28DDB2-72EA-4445-B257-86218C312D9C}
	EndGlobalSection
EndGlobal
