
Microsoft Visual Studio Solution File, Format Version 12.00
# Visual Studio Version 17
VisualStudioVersion = 17.9.34723.18
MinimumVisualStudioVersion = 10.0.40219.1
Project("{FAE04EC0-301F-11D3-BF4B-00C04F79EFBC}") = "ConsoleApp1", "ConsoleApp1\ConsoleApp1.csproj", "{191C5DFE-8AA8-4E93-9144-2416FA740288}"
EndProject
Project("{FAE04EC0-301F-11D3-BF4B-00C04F79EFBC}") = "ConsoleApp3", "ConsoleApp3\ConsoleApp3.csproj", "{BA58AA76-8AA1-4161-9C4D-3921333C635D}"
EndProject
Global
	GlobalSection(SolutionConfigurationPlatforms) = preSolution
		Debug|Any CPU = Debug|Any CPU
		Release|Any CPU = Release|Any CPU
	EndGlobalSection
	GlobalSection(ProjectConfigurationPlatforms) = postSolution
		{191C5DFE-8AA8-4E93-9144-2416FA740288}.Debug|Any CPU.ActiveCfg = Debug|Any CPU
		{191C5DFE-8AA8-4E93-9144-2416FA740288}.Debug|Any CPU.Build.0 = Debug|Any CPU
		{191C5DFE-8AA8-4E93-9144-2416FA740288}.Release|Any CPU.ActiveCfg = Release|Any CPU
		{191C5DFE-8AA8-4E93-9144-2416FA740288}.Release|Any CPU.Build.0 = Release|Any CPU
		{BA58AA76-8AA1-4161-9C4D-3921333C635D}.Debug|Any CPU.ActiveCfg = Debug|Any CPU
		{BA58AA76-8AA1-4161-9C4D-3921333C635D}.Debug|Any CPU.Build.0 = Debug|Any CPU
		{BA58AA76-8AA1-4161-9C4D-3921333C635D}.Release|Any CPU.ActiveCfg = Release|Any CPU
		{BA58AA76-8AA1-4161-9C4D-3921333C635D}.Release|Any CPU.Build.0 = Release|Any CPU
	EndGlobalSection
	GlobalSection(SolutionProperties) = preSolution
		HideSolutionNode = FALSE
	EndGlobalSection
	GlobalSection(ExtensibilityGlobals) = postSolution
		SolutionGuid = {907A77F6-4F22-4004-A76D-6B4A9CD57C96}
	EndGlobalSection
EndGlobal
