
Microsoft Visual Studio Solution File, Format Version 12.00
# Visual Studio Version 17
VisualStudioVersion = 17.9.34728.123
MinimumVisualStudioVersion = 10.0.40219.1
Project("{9A19103F-16F7-4668-BE54-9A1E7A4F7556}") = "WinFormsApp1", "WinFormsApp1\WinFormsApp1.csproj", "{7AD265E5-72AE-4C4F-B363-76F45B4BD5CD}"
EndProject
Project("{9A19103F-16F7-4668-BE54-9A1E7A4F7556}") = "WinFormsApp2", "WinFormsApp2\WinFormsApp2.csproj", "{6AF95A5A-0D4F-4B1B-B060-05EEDD35FE76}"
EndProject
Project("{FAE04EC0-301F-11D3-BF4B-00C04F79EFBC}") = "WinFormsApp3", "WinFormsApp3\WinFormsApp3.csproj", "{502FB09D-FC99-4C39-861B-D5804437DB5E}"
EndProject
Global
	GlobalSection(SolutionConfigurationPlatforms) = preSolution
		Debug|Any CPU = Debug|Any CPU
		Release|Any CPU = Release|Any CPU
	EndGlobalSection
	GlobalSection(ProjectConfigurationPlatforms) = postSolution
		{7AD265E5-72AE-4C4F-B363-76F45B4BD5CD}.Debug|Any CPU.ActiveCfg = Debug|Any CPU
		{7AD265E5-72AE-4C4F-B363-76F45B4BD5CD}.Debug|Any CPU.Build.0 = Debug|Any CPU
		{7AD265E5-72AE-4C4F-B363-76F45B4BD5CD}.Release|Any CPU.ActiveCfg = Release|Any CPU
		{7AD265E5-72AE-4C4F-B363-76F45B4BD5CD}.Release|Any CPU.Build.0 = Release|Any CPU
		{6AF95A5A-0D4F-4B1B-B060-05EEDD35FE76}.Debug|Any CPU.ActiveCfg = Debug|Any CPU
		{6AF95A5A-0D4F-4B1B-B060-05EEDD35FE76}.Debug|Any CPU.Build.0 = Debug|Any CPU
		{6AF95A5A-0D4F-4B1B-B060-05EEDD35FE76}.Release|Any CPU.ActiveCfg = Release|Any CPU
		{6AF95A5A-0D4F-4B1B-B060-05EEDD35FE76}.Release|Any CPU.Build.0 = Release|Any CPU
		{502FB09D-FC99-4C39-861B-D5804437DB5E}.Debug|Any CPU.ActiveCfg = Debug|Any CPU
		{502FB09D-FC99-4C39-861B-D5804437DB5E}.Debug|Any CPU.Build.0 = Debug|Any CPU
		{502FB09D-FC99-4C39-861B-D5804437DB5E}.Release|Any CPU.ActiveCfg = Release|Any CPU
		{502FB09D-FC99-4C39-861B-D5804437DB5E}.Release|Any CPU.Build.0 = Release|Any CPU
	EndGlobalSection
	GlobalSection(SolutionProperties) = preSolution
		HideSolutionNode = FALSE
	EndGlobalSection
	GlobalSection(ExtensibilityGlobals) = postSolution
		SolutionGuid = {45DF4F93-B556-4FBA-B4FC-911D9127173B}
	EndGlobalSection
EndGlobal
