
Microsoft Visual Studio Solution File, Format Version 12.00
# Visual Studio Version 17
VisualStudioVersion = 17.9.34728.123
MinimumVisualStudioVersion = 10.0.40219.1
Project("{FAE04EC0-301F-11D3-BF4B-00C04F79EFBC}") = "Tema26", "Tema26\Tema26.csproj", "{CA21F9A6-3153-4BCE-B452-7541C6D892EC}"
EndProject
Global
	GlobalSection(SolutionConfigurationPlatforms) = preSolution
		Debug|Any CPU = Debug|Any CPU
		Release|Any CPU = Release|Any CPU
	EndGlobalSection
	GlobalSection(ProjectConfigurationPlatforms) = postSolution
		{CA21F9A6-3153-4BCE-B452-7541C6D892EC}.Debug|Any CPU.ActiveCfg = Debug|Any CPU
		{CA21F9A6-3153-4BCE-B452-7541C6D892EC}.Debug|Any CPU.Build.0 = Debug|Any CPU
		{CA21F9A6-3153-4BCE-B452-7541C6D892EC}.Release|Any CPU.ActiveCfg = Release|Any CPU
		{CA21F9A6-3153-4BCE-B452-7541C6D892EC}.Release|Any CPU.Build.0 = Release|Any CPU
	EndGlobalSection
	GlobalSection(SolutionProperties) = preSolution
		HideSolutionNode = FALSE
	EndGlobalSection
	GlobalSection(ExtensibilityGlobals) = postSolution
		SolutionGuid = {63C882A4-8A9C-435F-B587-09E4DD1A4A1D}
	EndGlobalSection
EndGlobal
