
Microsoft Visual Studio Solution File, Format Version 12.00
# Visual Studio Version 17
VisualStudioVersion = 17.9.34723.18
MinimumVisualStudioVersion = 10.0.40219.1
Project("{FAE04EC0-301F-11D3-BF4B-00C04F79EFBC}") = "ConsoleApp1", "ConsoleApp1\ConsoleApp1.csproj", "{BE7ED364-3CFC-41B0-BE25-B6CA5BBC973D}"
EndProject
Project("{FAE04EC0-301F-11D3-BF4B-00C04F79EFBC}") = "ConsoleApp2", "ConsoleApp2\ConsoleApp2.csproj", "{20282F62-DE3A-4124-B718-2F0F3C1F19BC}"
EndProject
Project("{FAE04EC0-301F-11D3-BF4B-00C04F79EFBC}") = "ConsoleApp3", "ConsoleApp3\ConsoleApp3.csproj", "{29D76B3C-C0BB-4B74-BD2D-E30F17F20EF2}"
EndProject
Project("{FAE04EC0-301F-11D3-BF4B-00C04F79EFBC}") = "ConsoleApp4", "ConsoleApp4\ConsoleApp4.csproj", "{5B6F4D18-EE53-4FA4-B89D-C847EC070E84}"
EndProject
Global
	GlobalSection(SolutionConfigurationPlatforms) = preSolution
		Debug|Any CPU = Debug|Any CPU
		Release|Any CPU = Release|Any CPU
	EndGlobalSection
	GlobalSection(ProjectConfigurationPlatforms) = postSolution
		{BE7ED364-3CFC-41B0-BE25-B6CA5BBC973D}.Debug|Any CPU.ActiveCfg = Debug|Any CPU
		{BE7ED364-3CFC-41B0-BE25-B6CA5BBC973D}.Debug|Any CPU.Build.0 = Debug|Any CPU
		{BE7ED364-3CFC-41B0-BE25-B6CA5BBC973D}.Release|Any CPU.ActiveCfg = Release|Any CPU
		{BE7ED364-3CFC-41B0-BE25-B6CA5BBC973D}.Release|Any CPU.Build.0 = Release|Any CPU
		{20282F62-DE3A-4124-B718-2F0F3C1F19BC}.Debug|Any CPU.ActiveCfg = Debug|Any CPU
		{20282F62-DE3A-4124-B718-2F0F3C1F19BC}.Debug|Any CPU.Build.0 = Debug|Any CPU
		{20282F62-DE3A-4124-B718-2F0F3C1F19BC}.Release|Any CPU.ActiveCfg = Release|Any CPU
		{20282F62-DE3A-4124-B718-2F0F3C1F19BC}.Release|Any CPU.Build.0 = Release|Any CPU
		{29D76B3C-C0BB-4B74-BD2D-E30F17F20EF2}.Debug|Any CPU.ActiveCfg = Debug|Any CPU
		{29D76B3C-C0BB-4B74-BD2D-E30F17F20EF2}.Debug|Any CPU.Build.0 = Debug|Any CPU
		{29D76B3C-C0BB-4B74-BD2D-E30F17F20EF2}.Release|Any CPU.ActiveCfg = Release|Any CPU
		{29D76B3C-C0BB-4B74-BD2D-E30F17F20EF2}.Release|Any CPU.Build.0 = Release|Any CPU
		{5B6F4D18-EE53-4FA4-B89D-C847EC070E84}.Debug|Any CPU.ActiveCfg = Debug|Any CPU
		{5B6F4D18-EE53-4FA4-B89D-C847EC070E84}.Debug|Any CPU.Build.0 = Debug|Any CPU
		{5B6F4D18-EE53-4FA4-B89D-C847EC070E84}.Release|Any CPU.ActiveCfg = Release|Any CPU
		{5B6F4D18-EE53-4FA4-B89D-C847EC070E84}.Release|Any CPU.Build.0 = Release|Any CPU
	EndGlobalSection
	GlobalSection(SolutionProperties) = preSolution
		HideSolutionNode = FALSE
	EndGlobalSection
	GlobalSection(ExtensibilityGlobals) = postSolution
		SolutionGuid = {D9B60109-9828-4031-853E-F6DCEDEDE740}
	EndGlobalSection
EndGlobal
