
Microsoft Visual Studio Solution File, Format Version 12.00
# Visual Studio Version 17
VisualStudioVersion = 17.9.34728.123
MinimumVisualStudioVersion = 10.0.40219.1
Project("{9A19103F-16F7-4668-BE54-9A1E7A4F7556}") = "ParentForm", "MidAplication\ParentForm.csproj", "{991F48A0-F1CD-4D47-BD71-2D656E4AF63F}"
EndProject
Project("{9A19103F-16F7-4668-BE54-9A1E7A4F7556}") = "WinTimer1", "WinFormsApp2\WinTimer1.csproj", "{AB981D48-8FB6-4D1F-8F72-4F4A5E552AA3}"
EndProject
Project("{FAE04EC0-301F-11D3-BF4B-00C04F79EFBC}") = "WinButNum", "WinButNum\WinButNum.csproj", "{ADA13828-805B-4C4D-9CB4-CF9034E6294E}"
EndProject
Project("{FAE04EC0-301F-11D3-BF4B-00C04F79EFBC}") = "WinFormsApp3", "WinFormsApp3\WinFormsApp3.csproj", "{24C5F2CD-A140-46A6-BA61-41D3C65B8BB2}"
EndProject
Global
	GlobalSection(SolutionConfigurationPlatforms) = preSolution
		Debug|Any CPU = Debug|Any CPU
		Release|Any CPU = Release|Any CPU
	EndGlobalSection
	GlobalSection(ProjectConfigurationPlatforms) = postSolution
		{991F48A0-F1CD-4D47-BD71-2D656E4AF63F}.Debug|Any CPU.ActiveCfg = Debug|Any CPU
		{991F48A0-F1CD-4D47-BD71-2D656E4AF63F}.Debug|Any CPU.Build.0 = Debug|Any CPU
		{991F48A0-F1CD-4D47-BD71-2D656E4AF63F}.Release|Any CPU.ActiveCfg = Release|Any CPU
		{991F48A0-F1CD-4D47-BD71-2D656E4AF63F}.Release|Any CPU.Build.0 = Release|Any CPU
		{AB981D48-8FB6-4D1F-8F72-4F4A5E552AA3}.Debug|Any CPU.ActiveCfg = Debug|Any CPU
		{AB981D48-8FB6-4D1F-8F72-4F4A5E552AA3}.Debug|Any CPU.Build.0 = Debug|Any CPU
		{AB981D48-8FB6-4D1F-8F72-4F4A5E552AA3}.Release|Any CPU.ActiveCfg = Release|Any CPU
		{AB981D48-8FB6-4D1F-8F72-4F4A5E552AA3}.Release|Any CPU.Build.0 = Release|Any CPU
		{ADA13828-805B-4C4D-9CB4-CF9034E6294E}.Debug|Any CPU.ActiveCfg = Debug|Any CPU
		{ADA13828-805B-4C4D-9CB4-CF9034E6294E}.Debug|Any CPU.Build.0 = Debug|Any CPU
		{ADA13828-805B-4C4D-9CB4-CF9034E6294E}.Release|Any CPU.ActiveCfg = Release|Any CPU
		{ADA13828-805B-4C4D-9CB4-CF9034E6294E}.Release|Any CPU.Build.0 = Release|Any CPU
		{24C5F2CD-A140-46A6-BA61-41D3C65B8BB2}.Debug|Any CPU.ActiveCfg = Debug|Any CPU
		{24C5F2CD-A140-46A6-BA61-41D3C65B8BB2}.Debug|Any CPU.Build.0 = Debug|Any CPU
		{24C5F2CD-A140-46A6-BA61-41D3C65B8BB2}.Release|Any CPU.ActiveCfg = Release|Any CPU
		{24C5F2CD-A140-46A6-BA61-41D3C65B8BB2}.Release|Any CPU.Build.0 = Release|Any CPU
	EndGlobalSection
	GlobalSection(SolutionProperties) = preSolution
		HideSolutionNode = FALSE
	EndGlobalSection
	GlobalSection(ExtensibilityGlobals) = postSolution
		SolutionGuid = {FF751176-C854-4626-A684-6CD07ED6ADD8}
	EndGlobalSection
EndGlobal
