
Microsoft Visual Studio Solution File, Format Version 12.00
# Visual Studio Version 17
VisualStudioVersion = 17.9.34728.123
MinimumVisualStudioVersion = 10.0.40219.1
Project("{FAE04EC0-301F-11D3-BF4B-00C04F79EFBC}") = "ConsoleApp1", "ConsoleApp1\ConsoleApp1.csproj", "{988E3665-BB01-49BF-918B-E9EEC337689C}"
EndProject
Project("{FAE04EC0-301F-11D3-BF4B-00C04F79EFBC}") = "ConsoleApp2", "ConsoleApp2\ConsoleApp2.csproj", "{F9156725-4601-42B9-B8BC-0C5584DF7612}"
EndProject
Project("{FAE04EC0-301F-11D3-BF4B-00C04F79EFBC}") = "ConsoleApp3", "ConsoleApp3\ConsoleApp3.csproj", "{1D89A17C-99DE-46E7-AED9-98316D12E7C5}"
EndProject
Project("{FAE04EC0-301F-11D3-BF4B-00C04F79EFBC}") = "ConsoleApp4", "ConsoleApp4\ConsoleApp4.csproj", "{1A6806B9-B70F-4D44-B395-708881506D0D}"
EndProject
Global
	GlobalSection(SolutionConfigurationPlatforms) = preSolution
		Debug|Any CPU = Debug|Any CPU
		Release|Any CPU = Release|Any CPU
	EndGlobalSection
	GlobalSection(ProjectConfigurationPlatforms) = postSolution
		{988E3665-BB01-49BF-918B-E9EEC337689C}.Debug|Any CPU.ActiveCfg = Debug|Any CPU
		{988E3665-BB01-49BF-918B-E9EEC337689C}.Debug|Any CPU.Build.0 = Debug|Any CPU
		{988E3665-BB01-49BF-918B-E9EEC337689C}.Release|Any CPU.ActiveCfg = Release|Any CPU
		{988E3665-BB01-49BF-918B-E9EEC337689C}.Release|Any CPU.Build.0 = Release|Any CPU
		{F9156725-4601-42B9-B8BC-0C5584DF7612}.Debug|Any CPU.ActiveCfg = Debug|Any CPU
		{F9156725-4601-42B9-B8BC-0C5584DF7612}.Debug|Any CPU.Build.0 = Debug|Any CPU
		{F9156725-4601-42B9-B8BC-0C5584DF7612}.Release|Any CPU.ActiveCfg = Release|Any CPU
		{F9156725-4601-42B9-B8BC-0C5584DF7612}.Release|Any CPU.Build.0 = Release|Any CPU
		{1D89A17C-99DE-46E7-AED9-98316D12E7C5}.Debug|Any CPU.ActiveCfg = Debug|Any CPU
		{1D89A17C-99DE-46E7-AED9-98316D12E7C5}.Debug|Any CPU.Build.0 = Debug|Any CPU
		{1D89A17C-99DE-46E7-AED9-98316D12E7C5}.Release|Any CPU.ActiveCfg = Release|Any CPU
		{1D89A17C-99DE-46E7-AED9-98316D12E7C5}.Release|Any CPU.Build.0 = Release|Any CPU
		{1A6806B9-B70F-4D44-B395-708881506D0D}.Debug|Any CPU.ActiveCfg = Debug|Any CPU
		{1A6806B9-B70F-4D44-B395-708881506D0D}.Debug|Any CPU.Build.0 = Debug|Any CPU
		{1A6806B9-B70F-4D44-B395-708881506D0D}.Release|Any CPU.ActiveCfg = Release|Any CPU
		{1A6806B9-B70F-4D44-B395-708881506D0D}.Release|Any CPU.Build.0 = Release|Any CPU
	EndGlobalSection
	GlobalSection(SolutionProperties) = preSolution
		HideSolutionNode = FALSE
	EndGlobalSection
	GlobalSection(ExtensibilityGlobals) = postSolution
		SolutionGuid = {0979D54E-CD26-4E81-9B2B-30538578E60B}
	EndGlobalSection
EndGlobal
